{
  "name": "undercity",
  "version": "1.0.6",
  "lockfileVersion": 3,
  "requires": true,
  "packages": {
    "": {
      "name": "undercity",
      "version": "1.0.6",
      "license": "MIT",
      "workspaces": [
        "packages/*"
      ],
      "funding": {
        "type": "github",
        "url": "https://github.com/sponsors/catpea"
      }
    },
    "node_modules/undercity-http-server": {
      "resolved": "packages/undercity-http-server",
      "link": true
    },
    "node_modules/undercity-parser": {
      "resolved": "packages/undercity-parser",
      "link": true
    },
    "node_modules/undercity-pm": {
      "resolved": "packages/process-manager",
      "link": true
    },
    "packages/process-manager": {
      "name": "undercity-pm",
      "version": "1.0.0",
      "bin": {
        "pm": "pm.js"
      }
    },
    "packages/undercity-http-server": {
      "version": "1.0.0"
    },
    "packages/undercity-parser": {
      "version": "1.0.0"
    }
  }
}
